
Microsoft Visual Studio Solution File, Format Version 12.00
# Visual Studio Version 17
VisualStudioVersion = 17.4.33213.308
MinimumVisualStudioVersion = 10.0.40219.1
Project("{FAE04EC0-301F-11D3-BF4B-00C04F79EFBC}") = "ProgramMultithreadingLab", "ProgramMultithreadingLab\ProgramMultithreadingLab.csproj", "{449EC323-4D40-4FFA-92CA-C829C4B9AA5F}"
EndProject
Global
	GlobalSection(SolutionConfigurationPlatforms) = preSolution
		Debug|Any CPU = Debug|Any CPU
		Release|Any CPU = Release|Any CPU
	EndGlobalSection
	GlobalSection(ProjectConfigurationPlatforms) = postSolution
		{449EC323-4D40-4FFA-92CA-C829C4B9AA5F}.Debug|Any CPU.ActiveCfg = Debug|Any CPU
		{449EC323-4D40-4FFA-92CA-C829C4B9AA5F}.Debug|Any CPU.Build.0 = Debug|Any CPU
		{449EC323-4D40-4FFA-92CA-C829C4B9AA5F}.Release|Any CPU.ActiveCfg = Release|Any CPU
		{449EC323-4D40-4FFA-92CA-C829C4B9AA5F}.Release|Any CPU.Build.0 = Release|Any CPU
	EndGlobalSection
	GlobalSection(SolutionProperties) = preSolution
		HideSolutionNode = FALSE
	EndGlobalSection
	GlobalSection(ExtensibilityGlobals) = postSolution
		SolutionGuid = {97F4E2B7-1E92-4A50-ADFF-8E0B9764FA6E}
	EndGlobalSection
EndGlobal
