
Microsoft Visual Studio Solution File, Format Version 12.00
# Visual Studio Version 17
VisualStudioVersion = 17.4.33213.308
MinimumVisualStudioVersion = 10.0.40219.1
Project("{FAE04EC0-301F-11D3-BF4B-00C04F79EFBC}") = "ThreadingLab", "ThreadingLab\ThreadingLab.csproj", "{675E3B66-A507-48E8-AD8C-6FDD6FF8E3A3}"
EndProject
Global
	GlobalSection(SolutionConfigurationPlatforms) = preSolution
		Debug|Any CPU = Debug|Any CPU
		Release|Any CPU = Release|Any CPU
	EndGlobalSection
	GlobalSection(ProjectConfigurationPlatforms) = postSolution
		{675E3B66-A507-48E8-AD8C-6FDD6FF8E3A3}.Debug|Any CPU.ActiveCfg = Debug|Any CPU
		{675E3B66-A507-48E8-AD8C-6FDD6FF8E3A3}.Debug|Any CPU.Build.0 = Debug|Any CPU
		{675E3B66-A507-48E8-AD8C-6FDD6FF8E3A3}.Release|Any CPU.ActiveCfg = Release|Any CPU
		{675E3B66-A507-48E8-AD8C-6FDD6FF8E3A3}.Release|Any CPU.Build.0 = Release|Any CPU
	EndGlobalSection
	GlobalSection(SolutionProperties) = preSolution
		HideSolutionNode = FALSE
	EndGlobalSection
	GlobalSection(ExtensibilityGlobals) = postSolution
		SolutionGuid = {31DFEA0E-5D2E-4146-9336-F5A343C9992B}
	EndGlobalSection
EndGlobal
