
Microsoft Visual Studio Solution File, Format Version 12.00
# Visual Studio Version 17
VisualStudioVersion = 17.4.33213.308
MinimumVisualStudioVersion = 10.0.40219.1
Project("{FAE04EC0-301F-11D3-BF4B-00C04F79EFBC}") = "Factorial", "Factorial\Factorial.csproj", "{A503839E-2130-44F9-A88F-6DD5E4776CE7}"
EndProject
Global
	GlobalSection(SolutionConfigurationPlatforms) = preSolution
		Debug|Any CPU = Debug|Any CPU
		Release|Any CPU = Release|Any CPU
	EndGlobalSection
	GlobalSection(ProjectConfigurationPlatforms) = postSolution
		{A503839E-2130-44F9-A88F-6DD5E4776CE7}.Debug|Any CPU.ActiveCfg = Debug|Any CPU
		{A503839E-2130-44F9-A88F-6DD5E4776CE7}.Debug|Any CPU.Build.0 = Debug|Any CPU
		{A503839E-2130-44F9-A88F-6DD5E4776CE7}.Release|Any CPU.ActiveCfg = Release|Any CPU
		{A503839E-2130-44F9-A88F-6DD5E4776CE7}.Release|Any CPU.Build.0 = Release|Any CPU
	EndGlobalSection
	GlobalSection(SolutionProperties) = preSolution
		HideSolutionNode = FALSE
	EndGlobalSection
	GlobalSection(ExtensibilityGlobals) = postSolution
		SolutionGuid = {3373689F-8B08-4E6A-9BBA-EFC7912E07A6}
	EndGlobalSection
EndGlobal
