
Microsoft Visual Studio Solution File, Format Version 12.00
# Visual Studio Version 17
VisualStudioVersion = 17.4.33213.308
MinimumVisualStudioVersion = 10.0.40219.1
Project("{FAE04EC0-301F-11D3-BF4B-00C04F79EFBC}") = "Assignment 4", "Assignment 4\Assignment 4.csproj", "{536466FB-DF97-455D-9502-6DD03C64A696}"
EndProject
Global
	GlobalSection(SolutionConfigurationPlatforms) = preSolution
		Debug|Any CPU = Debug|Any CPU
		Release|Any CPU = Release|Any CPU
	EndGlobalSection
	GlobalSection(ProjectConfigurationPlatforms) = postSolution
		{536466FB-DF97-455D-9502-6DD03C64A696}.Debug|Any CPU.ActiveCfg = Debug|Any CPU
		{536466FB-DF97-455D-9502-6DD03C64A696}.Debug|Any CPU.Build.0 = Debug|Any CPU
		{536466FB-DF97-455D-9502-6DD03C64A696}.Release|Any CPU.ActiveCfg = Release|Any CPU
		{536466FB-DF97-455D-9502-6DD03C64A696}.Release|Any CPU.Build.0 = Release|Any CPU
	EndGlobalSection
	GlobalSection(SolutionProperties) = preSolution
		HideSolutionNode = FALSE
	EndGlobalSection
	GlobalSection(ExtensibilityGlobals) = postSolution
		SolutionGuid = {C26AD572-4148-4597-9F06-1AE0E79111CA}
	EndGlobalSection
EndGlobal
